
Microsoft Visual Studio Solution File, Format Version 12.00
Project("{FAE04EC0-301F-11D3-BF4B-00C04F79EFBC}") = "Valuator", "Valuator\Valuator.csproj", "{E3DDAB09-853F-4094-A9FE-77FDE50167ED}"
EndProject
Project("{FAE04EC0-301F-11D3-BF4B-00C04F79EFBC}") = "Caches.Interfaces", "Caches.Interfaces\Caches.Interfaces.csproj", "{F1ABA2B3-AD02-4988-88A1-12C0609B2317}"
EndProject
Project("{FAE04EC0-301F-11D3-BF4B-00C04F79EFBC}") = "Caches.Redis", "Caches.Redis\Caches.Redis.csproj", "{C174BED4-7B27-48EB-9192-21BA263B7023}"
EndProject
Global
	GlobalSection(SolutionConfigurationPlatforms) = preSolution
		Debug|Any CPU = Debug|Any CPU
		Release|Any CPU = Release|Any CPU
	EndGlobalSection
	GlobalSection(ProjectConfigurationPlatforms) = postSolution
		{E3DDAB09-853F-4094-A9FE-77FDE50167ED}.Debug|Any CPU.ActiveCfg = Debug|Any CPU
		{E3DDAB09-853F-4094-A9FE-77FDE50167ED}.Debug|Any CPU.Build.0 = Debug|Any CPU
		{E3DDAB09-853F-4094-A9FE-77FDE50167ED}.Release|Any CPU.ActiveCfg = Release|Any CPU
		{E3DDAB09-853F-4094-A9FE-77FDE50167ED}.Release|Any CPU.Build.0 = Release|Any CPU
		{F1ABA2B3-AD02-4988-88A1-12C0609B2317}.Debug|Any CPU.ActiveCfg = Debug|Any CPU
		{F1ABA2B3-AD02-4988-88A1-12C0609B2317}.Debug|Any CPU.Build.0 = Debug|Any CPU
		{F1ABA2B3-AD02-4988-88A1-12C0609B2317}.Release|Any CPU.ActiveCfg = Release|Any CPU
		{F1ABA2B3-AD02-4988-88A1-12C0609B2317}.Release|Any CPU.Build.0 = Release|Any CPU
		{C174BED4-7B27-48EB-9192-21BA263B7023}.Debug|Any CPU.ActiveCfg = Debug|Any CPU
		{C174BED4-7B27-48EB-9192-21BA263B7023}.Debug|Any CPU.Build.0 = Debug|Any CPU
		{C174BED4-7B27-48EB-9192-21BA263B7023}.Release|Any CPU.ActiveCfg = Release|Any CPU
		{C174BED4-7B27-48EB-9192-21BA263B7023}.Release|Any CPU.Build.0 = Release|Any CPU
	EndGlobalSection
EndGlobal
