
Microsoft Visual Studio Solution File, Format Version 12.00
Project("{FAE04EC0-301F-11D3-BF4B-00C04F79EFBC}") = "Valuator", "Valuator\Valuator.csproj", "{E3DDAB09-853F-4094-A9FE-77FDE50167ED}"
EndProject
Project("{FAE04EC0-301F-11D3-BF4B-00C04F79EFBC}") = "Caches.Interfaces", "Caches.Interfaces\Caches.Interfaces.csproj", "{F1ABA2B3-AD02-4988-88A1-12C0609B2317}"
EndProject
Project("{FAE04EC0-301F-11D3-BF4B-00C04F79EFBC}") = "Caches.Redis", "Caches.Redis\Caches.Redis.csproj", "{C174BED4-7B27-48EB-9192-21BA263B7023}"
EndProject
Project("{2150E333-8FDC-42A3-9474-1A3956D46DE8}") = "Infrastructure", "Infrastructure", "{E5C2A23D-982D-44FA-8A6F-713269DC4CCC}"
EndProject
Project("{2150E333-8FDC-42A3-9474-1A3956D46DE8}") = "UI", "UI", "{9C9BEB92-C5C2-476D-BF67-E10CAB5DE375}"
EndProject
Project("{2150E333-8FDC-42A3-9474-1A3956D46DE8}") = "Services", "Services", "{0BED60F7-BF95-40C9-B08E-334F6955BE79}"
EndProject
Project("{FAE04EC0-301F-11D3-BF4B-00C04F79EFBC}") = "Valuator.BackgroundService", "Valuator.BackgroundService\Valuator.BackgroundService.csproj", "{C48C81D0-EC79-4591-A2A4-98E8ED97ED9F}"
EndProject
Project("{FAE04EC0-301F-11D3-BF4B-00C04F79EFBC}") = "Infrastructure.Common", "Infrastructure.Common\Infrastructure.Common.csproj", "{EDBBF2B1-475A-4D94-B1AC-03B269CCC997}"
EndProject
Project("{2150E333-8FDC-42A3-9474-1A3956D46DE8}") = "Utils", "Utils", "{165C3D42-A680-4421-A79B-645946BA35F8}"
EndProject
Project("{FAE04EC0-301F-11D3-BF4B-00C04F79EFBC}") = "FluentAssertions", "FluentAssertions\FluentAssertions.csproj", "{01610A37-B601-454F-B3BA-5F6B11E4F949}"
EndProject
Project("{FAE04EC0-301F-11D3-BF4B-00C04F79EFBC}") = "MessageBus.Nats", "MessageBus.Nats\MessageBus.Nats.csproj", "{2D5F5D9D-1844-4F6D-ADC7-160A36717D94}"
EndProject
Project("{FAE04EC0-301F-11D3-BF4B-00C04F79EFBC}") = "Valuator.Caches", "Valuator.Caches\Valuator.Caches.csproj", "{4F9C2972-4953-4273-9C0D-5F02AF662769}"
EndProject
Project("{2150E333-8FDC-42A3-9474-1A3956D46DE8}") = "Applicaiton", "Applicaiton", "{37E49145-52CC-4974-B0DF-71FCEBF96E4F}"
EndProject
Project("{FAE04EC0-301F-11D3-BF4B-00C04F79EFBC}") = "Valuator.Messages", "Valuator.Messages\Valuator.Messages.csproj", "{B0746D78-765F-4B4E-A4D4-655F85C56FCC}"
EndProject
Project("{FAE04EC0-301F-11D3-BF4B-00C04F79EFBC}") = "MessageBus.Interfaces", "MessageBus.Interfaces\MessageBus.Interfaces.csproj", "{8A659353-A88D-4F14-8AA3-EAC7D84CDECA}"
EndProject
Global
	GlobalSection(SolutionConfigurationPlatforms) = preSolution
		Debug|Any CPU = Debug|Any CPU
		Release|Any CPU = Release|Any CPU
	EndGlobalSection
	GlobalSection(ProjectConfigurationPlatforms) = postSolution
		{E3DDAB09-853F-4094-A9FE-77FDE50167ED}.Debug|Any CPU.ActiveCfg = Debug|Any CPU
		{E3DDAB09-853F-4094-A9FE-77FDE50167ED}.Debug|Any CPU.Build.0 = Debug|Any CPU
		{E3DDAB09-853F-4094-A9FE-77FDE50167ED}.Release|Any CPU.ActiveCfg = Release|Any CPU
		{E3DDAB09-853F-4094-A9FE-77FDE50167ED}.Release|Any CPU.Build.0 = Release|Any CPU
		{F1ABA2B3-AD02-4988-88A1-12C0609B2317}.Debug|Any CPU.ActiveCfg = Debug|Any CPU
		{F1ABA2B3-AD02-4988-88A1-12C0609B2317}.Debug|Any CPU.Build.0 = Debug|Any CPU
		{F1ABA2B3-AD02-4988-88A1-12C0609B2317}.Release|Any CPU.ActiveCfg = Release|Any CPU
		{F1ABA2B3-AD02-4988-88A1-12C0609B2317}.Release|Any CPU.Build.0 = Release|Any CPU
		{C174BED4-7B27-48EB-9192-21BA263B7023}.Debug|Any CPU.ActiveCfg = Debug|Any CPU
		{C174BED4-7B27-48EB-9192-21BA263B7023}.Debug|Any CPU.Build.0 = Debug|Any CPU
		{C174BED4-7B27-48EB-9192-21BA263B7023}.Release|Any CPU.ActiveCfg = Release|Any CPU
		{C174BED4-7B27-48EB-9192-21BA263B7023}.Release|Any CPU.Build.0 = Release|Any CPU
		{C48C81D0-EC79-4591-A2A4-98E8ED97ED9F}.Debug|Any CPU.ActiveCfg = Debug|Any CPU
		{C48C81D0-EC79-4591-A2A4-98E8ED97ED9F}.Debug|Any CPU.Build.0 = Debug|Any CPU
		{C48C81D0-EC79-4591-A2A4-98E8ED97ED9F}.Release|Any CPU.ActiveCfg = Release|Any CPU
		{C48C81D0-EC79-4591-A2A4-98E8ED97ED9F}.Release|Any CPU.Build.0 = Release|Any CPU
		{EDBBF2B1-475A-4D94-B1AC-03B269CCC997}.Debug|Any CPU.ActiveCfg = Debug|Any CPU
		{EDBBF2B1-475A-4D94-B1AC-03B269CCC997}.Debug|Any CPU.Build.0 = Debug|Any CPU
		{EDBBF2B1-475A-4D94-B1AC-03B269CCC997}.Release|Any CPU.ActiveCfg = Release|Any CPU
		{EDBBF2B1-475A-4D94-B1AC-03B269CCC997}.Release|Any CPU.Build.0 = Release|Any CPU
		{01610A37-B601-454F-B3BA-5F6B11E4F949}.Debug|Any CPU.ActiveCfg = Debug|Any CPU
		{01610A37-B601-454F-B3BA-5F6B11E4F949}.Debug|Any CPU.Build.0 = Debug|Any CPU
		{01610A37-B601-454F-B3BA-5F6B11E4F949}.Release|Any CPU.ActiveCfg = Release|Any CPU
		{01610A37-B601-454F-B3BA-5F6B11E4F949}.Release|Any CPU.Build.0 = Release|Any CPU
		{2D5F5D9D-1844-4F6D-ADC7-160A36717D94}.Debug|Any CPU.ActiveCfg = Debug|Any CPU
		{2D5F5D9D-1844-4F6D-ADC7-160A36717D94}.Debug|Any CPU.Build.0 = Debug|Any CPU
		{2D5F5D9D-1844-4F6D-ADC7-160A36717D94}.Release|Any CPU.ActiveCfg = Release|Any CPU
		{2D5F5D9D-1844-4F6D-ADC7-160A36717D94}.Release|Any CPU.Build.0 = Release|Any CPU
		{4F9C2972-4953-4273-9C0D-5F02AF662769}.Debug|Any CPU.ActiveCfg = Debug|Any CPU
		{4F9C2972-4953-4273-9C0D-5F02AF662769}.Debug|Any CPU.Build.0 = Debug|Any CPU
		{4F9C2972-4953-4273-9C0D-5F02AF662769}.Release|Any CPU.ActiveCfg = Release|Any CPU
		{4F9C2972-4953-4273-9C0D-5F02AF662769}.Release|Any CPU.Build.0 = Release|Any CPU
		{B0746D78-765F-4B4E-A4D4-655F85C56FCC}.Debug|Any CPU.ActiveCfg = Debug|Any CPU
		{B0746D78-765F-4B4E-A4D4-655F85C56FCC}.Debug|Any CPU.Build.0 = Debug|Any CPU
		{B0746D78-765F-4B4E-A4D4-655F85C56FCC}.Release|Any CPU.ActiveCfg = Release|Any CPU
		{B0746D78-765F-4B4E-A4D4-655F85C56FCC}.Release|Any CPU.Build.0 = Release|Any CPU
		{8A659353-A88D-4F14-8AA3-EAC7D84CDECA}.Debug|Any CPU.ActiveCfg = Debug|Any CPU
		{8A659353-A88D-4F14-8AA3-EAC7D84CDECA}.Debug|Any CPU.Build.0 = Debug|Any CPU
		{8A659353-A88D-4F14-8AA3-EAC7D84CDECA}.Release|Any CPU.ActiveCfg = Release|Any CPU
		{8A659353-A88D-4F14-8AA3-EAC7D84CDECA}.Release|Any CPU.Build.0 = Release|Any CPU
	EndGlobalSection
	GlobalSection(NestedProjects) = preSolution
		{F1ABA2B3-AD02-4988-88A1-12C0609B2317} = {E5C2A23D-982D-44FA-8A6F-713269DC4CCC}
		{C174BED4-7B27-48EB-9192-21BA263B7023} = {E5C2A23D-982D-44FA-8A6F-713269DC4CCC}
		{E3DDAB09-853F-4094-A9FE-77FDE50167ED} = {9C9BEB92-C5C2-476D-BF67-E10CAB5DE375}
		{C48C81D0-EC79-4591-A2A4-98E8ED97ED9F} = {0BED60F7-BF95-40C9-B08E-334F6955BE79}
		{EDBBF2B1-475A-4D94-B1AC-03B269CCC997} = {E5C2A23D-982D-44FA-8A6F-713269DC4CCC}
		{01610A37-B601-454F-B3BA-5F6B11E4F949} = {165C3D42-A680-4421-A79B-645946BA35F8}
		{2D5F5D9D-1844-4F6D-ADC7-160A36717D94} = {E5C2A23D-982D-44FA-8A6F-713269DC4CCC}
		{4F9C2972-4953-4273-9C0D-5F02AF662769} = {37E49145-52CC-4974-B0DF-71FCEBF96E4F}
		{B0746D78-765F-4B4E-A4D4-655F85C56FCC} = {37E49145-52CC-4974-B0DF-71FCEBF96E4F}
		{8A659353-A88D-4F14-8AA3-EAC7D84CDECA} = {E5C2A23D-982D-44FA-8A6F-713269DC4CCC}
	EndGlobalSection
EndGlobal
